packages:
  adv_dbg_if:
    revision: 19eeef8cae1cbec7413877b3f29fe0bd078748d7
    version: 0.0.2
    source:
      Git: https://github.com/pulp-platform/adv_dbg_if.git
    dependencies: []
  apb:
    revision: 77ddf073f194d44b9119949d2421be59789e69ae
    version: 0.2.4
    source:
      Git: https://github.com/pulp-platform/apb.git
    dependencies:
    - common_cells
  apb2per:
    revision: 6fc13fc0bfa71772d91391893e57306d0d95befa
    version: 0.1.0
    source:
      Git: https://github.com/pulp-platform/apb2per.git
    dependencies: []
  apb_adv_timer:
    revision: c8faec1e1755386d0e0f31a55ebd80612a3dcea9
    version: 1.0.4
    source:
      Git: https://github.com/pulp-platform/apb_adv_timer.git
    dependencies:
    - tech_cells_generic
  apb_fll_if:
    revision: ce34d65007e05da1f788fcdf7cc1849b5aedaf67
    version: 0.2.1
    source:
      Git: https://github.com/pulp-platform/apb_fll_if.git
    dependencies:
    - apb
  apb_interrupt_cntrl:
    revision: 8faeac71f89bca19e5daa14ebac99a81ceb85593
    version: 0.2.0
    source:
      Git: https://github.com/pulp-platform/apb_interrupt_cntrl.git
    dependencies:
    - apb
    - common_cells
  axi:
    revision: 9402c8a9ce0a7b5253c3c29e788612d771e8b5d6
    version: 0.39.3
    source:
      Git: https://github.com/pulp-platform/axi.git
    dependencies:
    - common_cells
    - common_verification
    - tech_cells_generic
  cluster_interconnect:
    revision: 7d0a4f8acae71a583a6713cab5554e60b9bb8d27
    version: 1.2.1
    source:
      Git: https://github.com/pulp-platform/cluster_interconnect.git
    dependencies:
    - common_cells
  common_cells:
    revision: 0d67563b6b592549542544f1abc0f43e5d4ee8b4
    version: 1.35.0
    source:
      Git: https://github.com/pulp-platform/common_cells.git
    dependencies:
    - common_verification
    - tech_cells_generic
  common_verification:
    revision: 9c07fa860593b2caabd9b5681740c25fac04b878
    version: 0.2.3
    source:
      Git: https://github.com/pulp-platform/common_verification.git
    dependencies: []
  cv32e40p:
    revision: 7a49867b2232d97344cde1b8a1e05bcb38634894
    version: null
    source:
      Git: https://github.com/pulp-platform/cv32e40p.git
    dependencies:
    - common_cells
    - fpnew
    - tech_cells_generic
  fpnew:
    revision: a8e0cba6dd50f357ece73c2c955d96efc3c6c315
    version: null
    source:
      Git: https://github.com/pulp-platform/cvfpu.git
    dependencies:
    - common_cells
    - fpu_div_sqrt_mvp
  fpu_div_sqrt_mvp:
    revision: 86e1f558b3c95e91577c41b2fc452c86b04e85ac
    version: 1.0.4
    source:
      Git: https://github.com/pulp-platform/fpu_div_sqrt_mvp.git
    dependencies:
    - common_cells
  generic_fll:
    revision: 1c92dc73a940392182fd4cb7b86f35649b349595
    version: 0.2.0
    source:
      Git: https://github.com/pulp-platform/generic_FLL.git
    dependencies: []
  gpio:
    revision: null
    version: null
    source:
      Path: hw/vendored_ips/gpio
    dependencies:
    - apb
    - axi
    - common_cells
    - common_verification
    - register_interface
    - tech_cells_generic
  hwpe-ctrl:
    revision: 1916c72f024175f1fe351acc3db3c6e9925a117d
    version: 1.7.3
    source:
      Git: https://github.com/pulp-platform/hwpe-ctrl.git
    dependencies:
    - tech_cells_generic
  hwpe-mac-engine:
    revision: cd48c574f1972ecbe02d3f463a0e12a92acde484
    version: 1.3.3
    source:
      Git: https://github.com/pulp-platform/hwpe-mac-engine.git
    dependencies:
    - hwpe-ctrl
    - hwpe-stream
  hwpe-stream:
    revision: 65c99a4a2f37a79acee800ab0151f67dfb1edef1
    version: 1.8.0
    source:
      Git: https://github.com/pulp-platform/hwpe-stream.git
    dependencies:
    - tech_cells_generic
  ibex:
    revision: b18f7ef178ed07f5085051f96042c670a919fd5c
    version: null
    source:
      Git: https://github.com/pulp-platform/ibex.git
    dependencies:
    - tech_cells_generic
  jtag_pulp:
    revision: d22e828aef0484c79355d97d12de044c97e1f20f
    version: 0.2.0
    source:
      Git: https://github.com/pulp-platform/jtag_pulp.git
    dependencies: []
  pulp_io:
    revision: da6f8817b667f17973ecb19cb1e7aa4347108716
    version: 0.1.0
    source:
      Git: https://github.com/pulp-platform/pulp-io.git
    dependencies:
    - apb
    - common_cells
    - gpio
    - udma_camera
    - udma_core
    - udma_filter
    - udma_hyper
    - udma_i2c
    - udma_i2s
    - udma_qspi
    - udma_sdio
    - udma_uart
  pulp_soc:
    revision: bf65372aab4edd404160170e2a4d2c63b27ab5f2
    version: 5.0.1
    source:
      Git: https://github.com/pulp-platform/pulp_soc.git
    dependencies:
    - adv_dbg_if
    - apb
    - apb2per
    - apb_adv_timer
    - apb_interrupt_cntrl
    - axi
    - cluster_interconnect
    - common_cells
    - cv32e40p
    - fpnew
    - hwpe-mac-engine
    - ibex
    - jtag_pulp
    - pulp_io
    - register_interface
    - riscv-dbg
    - scm
    - tech_cells_generic
    - timer_unit
  pulpissimo_optional_vips:
    revision: null
    version: null
    source:
      Path: target/sim/vip
    dependencies: []
  pulpissimo_padframe_fpga:
    revision: null
    version: null
    source:
      Path: hw/padframe/pulpissimo_padframe_fpga_autogen
    dependencies:
    - common_cells
    - register_interface
  pulpissimo_padframe_rtl_sim:
    revision: null
    version: null
    source:
      Path: hw/padframe/pulpissimo_padframe_rtl_sim_autogen
    dependencies:
    - common_cells
    - register_interface
  register_interface:
    revision: ae616e5a1ec2b41e72d200e5ab09c65e94aebd3d
    version: 0.4.4
    source:
      Git: https://github.com/pulp-platform/register_interface.git
    dependencies:
    - apb
    - axi
    - common_cells
    - common_verification
  riscv-dbg:
    revision: 69be5ddc03ea1688c0eab47d6ed9d0e8725beda1
    version: 0.5.1
    source:
      Git: https://github.com/pulp-platform/riscv-dbg.git
    dependencies:
    - common_cells
    - tech_cells_generic
  scm:
    revision: 998466d2a3c2d7d572e43d2666d93c4f767d8d60
    version: 1.1.1
    source:
      Git: https://github.com/pulp-platform/scm.git
    dependencies: []
  tbtools:
    revision: 4bc2c825df8540a0c0210ab7f484533809801fa2
    version: 0.2.1
    source:
      Git: https://github.com/pulp-platform/tbtools.git
    dependencies: []
  tech_cells_generic:
    revision: 7968dd6e6180df2c644636bc6d2908a49f2190cf
    version: 0.2.13
    source:
      Git: https://github.com/pulp-platform/tech_cells_generic.git
    dependencies:
    - common_verification
  timer_unit:
    revision: 4c69615c89db9397a9747d6f6d6a36727854f0bc
    version: 1.0.3
    source:
      Git: https://github.com/pulp-platform/timer_unit.git
    dependencies: []
  udma_camera:
    revision: cb4dc897125c823e646f65a9d155e832c763b29d
    version: 2.0.0
    source:
      Git: https://github.com/pulp-platform/udma_camera.git
    dependencies:
    - tech_cells_generic
    - udma_core
  udma_core:
    revision: 32bcc4f7472c3eeb8ef04612deb9088ffce7eb59
    version: 2.0.0
    source:
      Git: https://github.com/pulp-platform/udma_core.git
    dependencies:
    - common_cells
    - tech_cells_generic
  udma_filter:
    revision: b346c42543fbff5f4146eb8d56c7cb3dd55b19f4
    version: 2.0.0
    source:
      Git: https://github.com/pulp-platform/udma_filter.git
    dependencies:
    - udma_core
  udma_hyper:
    revision: bd41ed10f94621a13ff02bdd631bf64c838a10d4
    version: 0.1.0
    source:
      Git: https://github.com/pulp-platform/udma_hyper.git
    dependencies:
    - tech_cells_generic
    - udma_core
  udma_i2c:
    revision: d0852881b90b9bf10d51409def6d9abf58d46b6a
    version: 3.0.0
    source:
      Git: https://github.com/pulp-platform/udma_i2c.git
    dependencies:
    - udma_core
  udma_i2s:
    revision: aa3e698a56824493da3b9334f7236cc7f85699de
    version: 2.0.0
    source:
      Git: https://github.com/pulp-platform/udma_i2s.git
    dependencies:
    - common_cells
    - tech_cells_generic
    - udma_core
  udma_qspi:
    revision: 505b9d37ba7666962450ea8a45d6abb7b1c4fc03
    version: 2.0.0
    source:
      Git: https://github.com/pulp-platform/udma_qspi.git
    dependencies:
    - common_cells
    - tech_cells_generic
    - udma_core
  udma_sdio:
    revision: 892ac6f17bb9ad6ad223e27b75809c8163a71900
    version: 2.0.0
    source:
      Git: https://github.com/pulp-platform/udma_sdio.git
    dependencies:
    - common_cells
    - tech_cells_generic
    - udma_core
  udma_uart:
    revision: 15d36f5f1d4459da3fa458a1af3334f1a8447058
    version: 2.0.0
    source:
      Git: https://github.com/pulp-platform/udma_uart.git
    dependencies:
    - common_cells
    - udma_core
